
Microsoft Visual Studio Solution File, Format Version 12.00
# Visual Studio 14
VisualStudioVersion = 14.0.22823.1
MinimumVisualStudioVersion = 10.0.40219.1
Project("{FAE04EC0-301F-11D3-BF4B-00C04F79EFBC}") = "Server", "Server\Server.csproj", "{5B1DC23D-3954-4F59-9476-E1DF60F2A1E8}"
EndProject
Project("{FAE04EC0-301F-11D3-BF4B-00C04F79EFBC}") = "BoidsClient", "BoidsClient\BoidsClient.csproj", "{CFD2E413-0FFC-4475-A27C-A257C6731777}"
EndProject
Project("{FAE04EC0-301F-11D3-BF4B-00C04F79EFBC}") = "BoidsClient.Cmd", "BoidsClient.Cmd\BoidsClient.Cmd.csproj", "{4BD7AD6C-B84B-415E-98A3-9F65B6A5AD01}"
EndProject
Project("{CC5FD16D-436D-48AD-A40C-5A424C6E3E79}") = "BoidsCloudClient", "BoidsCloudClient\BoidsCloudClient.ccproj", "{20B30286-FE09-43AB-8CE9-F734FB401121}"
EndProject
Project("{FAE04EC0-301F-11D3-BF4B-00C04F79EFBC}") = "BoidsClient.Worker", "BoidsClient.Worker\BoidsClient.Worker.csproj", "{B81C9AEC-32FF-46E5-A94B-A92BBE9D3174}"
EndProject
Global
	GlobalSection(SolutionConfigurationPlatforms) = preSolution
		Debug|Any CPU = Debug|Any CPU
		Release|Any CPU = Release|Any CPU
	EndGlobalSection
	GlobalSection(ProjectConfigurationPlatforms) = postSolution
		{5B1DC23D-3954-4F59-9476-E1DF60F2A1E8}.Debug|Any CPU.ActiveCfg = Debug|Any CPU
		{5B1DC23D-3954-4F59-9476-E1DF60F2A1E8}.Debug|Any CPU.Build.0 = Debug|Any CPU
		{5B1DC23D-3954-4F59-9476-E1DF60F2A1E8}.Release|Any CPU.ActiveCfg = Release|Any CPU
		{5B1DC23D-3954-4F59-9476-E1DF60F2A1E8}.Release|Any CPU.Build.0 = Release|Any CPU
		{CFD2E413-0FFC-4475-A27C-A257C6731777}.Debug|Any CPU.ActiveCfg = Debug|Any CPU
		{CFD2E413-0FFC-4475-A27C-A257C6731777}.Debug|Any CPU.Build.0 = Debug|Any CPU
		{CFD2E413-0FFC-4475-A27C-A257C6731777}.Release|Any CPU.ActiveCfg = Release|Any CPU
		{CFD2E413-0FFC-4475-A27C-A257C6731777}.Release|Any CPU.Build.0 = Release|Any CPU
		{4BD7AD6C-B84B-415E-98A3-9F65B6A5AD01}.Debug|Any CPU.ActiveCfg = Debug|Any CPU
		{4BD7AD6C-B84B-415E-98A3-9F65B6A5AD01}.Debug|Any CPU.Build.0 = Debug|Any CPU
		{4BD7AD6C-B84B-415E-98A3-9F65B6A5AD01}.Release|Any CPU.ActiveCfg = Release|Any CPU
		{4BD7AD6C-B84B-415E-98A3-9F65B6A5AD01}.Release|Any CPU.Build.0 = Release|Any CPU
		{20B30286-FE09-43AB-8CE9-F734FB401121}.Debug|Any CPU.ActiveCfg = Debug|Any CPU
		{20B30286-FE09-43AB-8CE9-F734FB401121}.Debug|Any CPU.Build.0 = Debug|Any CPU
		{20B30286-FE09-43AB-8CE9-F734FB401121}.Release|Any CPU.ActiveCfg = Release|Any CPU
		{20B30286-FE09-43AB-8CE9-F734FB401121}.Release|Any CPU.Build.0 = Release|Any CPU
		{B81C9AEC-32FF-46E5-A94B-A92BBE9D3174}.Debug|Any CPU.ActiveCfg = Debug|Any CPU
		{B81C9AEC-32FF-46E5-A94B-A92BBE9D3174}.Debug|Any CPU.Build.0 = Debug|Any CPU
		{B81C9AEC-32FF-46E5-A94B-A92BBE9D3174}.Release|Any CPU.ActiveCfg = Release|Any CPU
		{B81C9AEC-32FF-46E5-A94B-A92BBE9D3174}.Release|Any CPU.Build.0 = Release|Any CPU
	EndGlobalSection
	GlobalSection(SolutionProperties) = preSolution
		HideSolutionNode = FALSE
	EndGlobalSection
EndGlobal
